[{<<"datum">>,
  {git,"https://github.com/fogfish/datum",
       {ref,"5e74f27620851257c936e39570fc7fcb3e5f7165"}},
  2},
 {<<"esio">>,
  {git,"https://github.com/frenchbread/esio",
       {ref,"812b51da79752c5891e122ca9f84526fbb4c576e"}},
  0},
 {<<"feta">>,
  {git,"https://github.com/fogfish/feta",
       {ref,"07bb63115de4f2369f54bacc8e7ff10b8f79cc41"}},
  2},
 {<<"goldrush">>,
  {git,"https://github.com/basho/goldrush.git",
       {ref,"8f1b715d36b650ec1e1f5612c00e28af6ab0de82"}},
  3},
 {<<"htstream">>,
  {git,"https://github.com/kfsm/htstream",
       {ref,"86c580f027886271e02596093d21794c1998a4a4"}},
  2},
 {<<"jsx">>,
  {git,"https://github.com/talentdeficit/jsx",
       {ref,"45ffea21a6863c58fb7da1f937e868916ff68b27"}},
  1},
 {<<"knet">>,
  {git,"https://github.com/frenchbread/knet",
       {ref,"718c00ca5209354efaf875ae70984404a117ab61"}},
  1},
 {<<"lager">>,
  {git,"https://github.com/basho/lager",
       {ref,"81eaef0ce98fdbf64ab95665e3bc2ec4b24c7dac"}},
  2},
 {<<"pipe">>,
  {git,"https://github.com/kfsm/pipe",
       {ref,"a091f919659818cfe37e2d8c5d44d73962322ab9"}},
  2},
 {<<"pns">>,
  {git,"https://github.com/fogfish/pns",
       {ref,"92bfcf925064227dad32568ec84172e9321ca761"}},
  2},
 {<<"uuid">>,
  {git,"https://github.com/avtobiff/erlang-uuid",
       {ref,"1fdc1b367902da71b774a34ae15690811ac17b99"}},
  0}].
